{
    "agents": {
        "Dr. Elena Hartwell - Corporate Law Specialist": {
            "prod": {
                "id": "agent_5401k55j5dahe1y9xfdm6v2apeb8",
                "hash": "a26b7b4d3e5f9a2b5aad697568bf1e89"
            }
        },
        "Dr. Marcus Thompson - Criminal Defense Attorney": {
            "prod": {
                "id": "agent_6601k55j7kwpe72ac8dh5q8aq35d",
                "hash": "ffb1f096a09e3210656b1514de00dfe7"
            }
        },
        "Dr. Sophia Chen - Intellectual Property Law Expert": {
            "prod": {
                "id": "agent_0301k55j873pft3858p28d1vgtqx",
                "hash": "e9905d102d7b74b2056db06512536252"
            }
        },
        "Dr. James Rodriguez - Constitutional Law Scholar": {
            "prod": {
                "id": "agent_2801k55j8pahfta8ya937ycyrj6f",
                "hash": "3b4aff7537dd8b848a1201afa955d064"
            }
        },
        "Sarah Mitchell - Senior Legal Research Analyst": {
            "prod": {
                "id": "agent_1801k55jd8xbf2ptp134hbsg6f2c",
                "hash": "276f737a8f9718d9efeba68ba8890e78"
            }
        },
        "David Park - Litigation Support Analyst": {
            "prod": {
                "id": "agent_7701k55jdng9e9jt116nj7tsnh2e",
                "hash": "471f1298b195aa682993373e75e30d25"
            }
        },
        "Maria Santos - Compliance Analytics Expert": {
            "prod": {
                "id": "agent_4101k55je4jaee499rkz6jaj4ymm",
                "hash": "ecce406909a867db1c603fbcde88bad1"
            }
        },
        "Jessica Williams - Senior Paralegal Specialist": {
            "prod": {
                "id": "agent_7401k55jeyv3ek1sveanegxfwprw",
                "hash": "773c964a978cbb6385b0ededa903b3a2"
            }
        },
        "Robert Kim - Document Management Paralegal": {
            "prod": {
                "id": "agent_3001k55k1ahjemjrjh00syz6fnr7",
                "hash": "c119deb1c22cc137fc3ee74f7e43f4c5"
            }
        },
        "Angela Turner - Case Coordination Paralegal": {
            "prod": {
                "id": "agent_6801k55k1qrsea3v2ar5zw36swv8",
                "hash": "888cdd82f955c86627fab0cd3cb9d977"
            }
        }
    },
    "tools": {}
}